// !$*UTF8*$!
{
	archiveVersion = 1;
	classes = {
	};
	objectVersion = 50;
	objects = {

/* Begin PBXBuildFile section */
		69B8F92F2258D03200640650 /* AppDelegate.swift in Sources */ = {isa = PBXBuildFile; fileRef = 69B8F92E2258D03200640650 /* AppDelegate.swift */; };
		69B8F9342258D03200640650 /* Main.storyboard in Resources */ = {isa = PBXBuildFile; fileRef = 69B8F9322258D03200640650 /* Main.storyboard */; };
		69B8F9362258D03600640650 /* Assets.xcassets in Resources */ = {isa = PBXBuildFile; fileRef = 69B8F9352258D03600640650 /* Assets.xcassets */; };
		69B8F9392258D03600640650 /* LaunchScreen.storyboard in Resources */ = {isa = PBXBuildFile; fileRef = 69B8F9372258D03600640650 /* LaunchScreen.storyboard */; };
		69B8F9422258D1DA00640650 /* Item.swift in Sources */ = {isa = PBXBuildFile; fileRef = 69B8F9412258D1DA00640650 /* Item.swift */; };
		69B8F9442258D2B200640650 /* ItemType.swift in Sources */ = {isa = PBXBuildFile; fileRef = 69B8F9432258D2B200640650 /* ItemType.swift */; };
		69B8F9472258DDE000640650 /* ItemListTableViewController.swift in Sources */ = {isa = PBXBuildFile; fileRef = 69B8F9462258DDE000640650 /* ItemListTableViewController.swift */; };
/* End PBXBuildFile section */

/* Begin PBXFileReference section */
		69B8F92B2258D03200640650 /* Universal Reference.app */ = {isa = PBXFileReference; explicitFileType = wrapper.application; includeInIndex = 0; path = "Universal Reference.app"; sourceTree = BUILT_PRODUCTS_DIR; };
		69B8F92E2258D03200640650 /* AppDelegate.swift */ = {isa = PBXFileReference; lastKnownFileType = sourcecode.swift; path = AppDelegate.swift; sourceTree = "<group>"; };
		69B8F9332258D03200640650 /* Base */ = {isa = PBXFileReference; lastKnownFileType = file.storyboard; name = Base; path = Base.lproj/Main.storyboard; sourceTree = "<group>"; };
		69B8F9352258D03600640650 /* Assets.xcassets */ = {isa = PBXFileReference; lastKnownFileType = folder.assetcatalog; path = Assets.xcassets; sourceTree = "<group>"; };
		69B8F9382258D03600640650 /* Base */ = {isa = PBXFileReference; lastKnownFileType = file.storyboard; name = Base; path = Base.lproj/LaunchScreen.storyboard; sourceTree = "<group>"; };
		69B8F93A2258D03600640650 /* Info.plist */ = {isa = PBXFileReference; lastKnownFileType = text.plist.xml; path = Info.plist; sourceTree = "<group>"; };
		69B8F9412258D1DA00640650 /* Item.swift */ = {isa = PBXFileReference; lastKnownFileType = sourcecode.swift; path = Item.swift; sourceTree = "<group>"; };
		69B8F9432258D2B200640650 /* ItemType.swift */ = {isa = PBXFileReference; lastKnownFileType = sourcecode.swift; path = ItemType.swift; sourceTree = "<group>"; };
		69B8F9462258DDE000640650 /* ItemListTableViewController.swift */ = {isa = PBXFileReference; lastKnownFileType = sourcecode.swift; path = ItemListTableViewController.swift; sourceTree = "<group>"; };
/* End PBXFileReference section */

/* Begin PBXFrameworksBuildPhase section */
		69B8F9282258D03200640650 /* Frameworks */ = {
			isa = PBXFrameworksBuildPhase;
			buildActionMask = 2147483647;
			files = (
			);
			runOnlyForDeploymentPostprocessing = 0;
		};
/* End PBXFrameworksBuildPhase section */

/* Begin PBXGroup section */
		69B8F9222258D03200640650 = {
			isa = PBXGroup;
			children = (
				69B8F92D2258D03200640650 /* Universal Reference */,
				69B8F92C2258D03200640650 /* Products */,
			);
			sourceTree = "<group>";
		};
		69B8F92C2258D03200640650 /* Products */ = {
			isa = PBXGroup;
			children = (
				69B8F92B2258D03200640650 /* Universal Reference.app */,
			);
			name = Products;
			sourceTree = "<group>";
		};
		69B8F92D2258D03200640650 /* Universal Reference */ = {
			isa = PBXGroup;
			children = (
				69B8F9452258DD6F00640650 /* Controller */,
				69B8F9402258D19D00640650 /* Model */,
				69B8F92E2258D03200640650 /* AppDelegate.swift */,
				69B8F9322258D03200640650 /* Main.storyboard */,
				69B8F9352258D03600640650 /* Assets.xcassets */,
				69B8F9372258D03600640650 /* LaunchScreen.storyboard */,
				69B8F93A2258D03600640650 /* Info.plist */,
			);
			path = "Universal Reference";
			sourceTree = "<group>";
		};
		69B8F9402258D19D00640650 /* Model */ = {
			isa = PBXGroup;
			children = (
				69B8F9412258D1DA00640650 /* Item.swift */,
				69B8F9432258D2B200640650 /* ItemType.swift */,
			);
			path = Model;
			sourceTree = "<group>";
		};
		69B8F9452258DD6F00640650 /* Controller */ = {
			isa = PBXGroup;
			children = (
				69B8F9462258DDE000640650 /* ItemListTableViewController.swift */,
			);
			path = Controller;
			sourceTree = "<group>";
		};
/* End PBXGroup section */

/* Begin PBXNativeTarget section */
		69B8F92A2258D03200640650 /* Universal Reference */ = {
			isa = PBXNativeTarget;
			buildConfigurationList = 69B8F93D2258D03600640650 /* Build configuration list for PBXNativeTarget "Universal Reference" */;
			buildPhases = (
				69B8F9272258D03200640650 /* Sources */,
				69B8F9282258D03200640650 /* Frameworks */,
				69B8F9292258D03200640650 /* Resources */,
			);
			buildRules = (
			);
			dependencies = (
			);
			name = "Universal Reference";
			productName = "Universal Reference";
			productReference = 69B8F92B2258D03200640650 /* Universal Reference.app */;
			productType = "com.apple.product-type.application";
		};
/* End PBXNativeTarget section */

/* Begin PBXProject section */
		69B8F9232258D03200640650 /* Project object */ = {
			isa = PBXProject;
			attributes = {
				LastSwiftUpdateCheck = 1020;
				LastUpgradeCheck = 1020;
				ORGANIZATIONNAME = "Denis Bystruev";
				TargetAttributes = {
					69B8F92A2258D03200640650 = {
						CreatedOnToolsVersion = 10.2;
					};
				};
			};
			buildConfigurationList = 69B8F9262258D03200640650 /* Build configuration list for PBXProject "Universal Reference" */;
			compatibilityVersion = "Xcode 9.3";
			developmentRegion = en;
			hasScannedForEncodings = 0;
			knownRegions = (
				en,
				Base,
			);
			mainGroup = 69B8F9222258D03200640650;
			productRefGroup = 69B8F92C2258D03200640650 /* Products */;
			projectDirPath = "";
			projectRoot = "";
			targets = (
				69B8F92A2258D03200640650 /* Universal Reference */,
			);
		};
/* End PBXProject section */

/* Begin PBXResourcesBuildPhase section */
		69B8F9292258D03200640650 /* Resources */ = {
			isa = PBXResourcesBuildPhase;
			buildActionMask = 2147483647;
			files = (
				69B8F9392258D03600640650 /* LaunchScreen.storyboard in Resources */,
				69B8F9362258D03600640650 /* Assets.xcassets in Resources */,
				69B8F9342258D03200640650 /* Main.storyboard in Resources */,
			);
			runOnlyForDeploymentPostprocessing = 0;
		};
/* End PBXResourcesBuildPhase section */

/* Begin PBXSourcesBuildPhase section */
		69B8F9272258D03200640650 /* Sources */ = {
			isa = PBXSourcesBuildPhase;
			buildActionMask = 2147483647;
			files = (
				69B8F9422258D1DA00640650 /* Item.swift in Sources */,
				69B8F9442258D2B200640650 /* ItemType.swift in Sources */,
				69B8F9472258DDE000640650 /* ItemListTableViewController.swift in Sources */,
				69B8F92F2258D03200640650 /* AppDelegate.swift in Sources */,
			);
			runOnlyForDeploymentPostprocessing = 0;
		};
/* End PBXSourcesBuildPhase section */

/* Begin PBXVariantGroup section */
		69B8F9322258D03200640650 /* Main.storyboard */ = {
			isa = PBXVariantGroup;
			children = (
				69B8F9332258D03200640650 /* Base */,
			);
			name = Main.storyboard;
			sourceTree = "<group>";
		};
		69B8F9372258D03600640650 /* LaunchScreen.storyboard */ = {
			isa = PBXVariantGroup;
			children = (
				69B8F9382258D03600640650 /* Base */,
			);
			name = LaunchScreen.storyboard;
			sourceTree = "<group>";
		};
/* End PBXVariantGroup section */

/* Begin XCBuildConfiguration section */
		69B8F93B2258D03600640650 /* Debug */ = {
			isa = XCBuildConfiguration;
			buildSettings = {
				ALWAYS_SEARCH_USER_PATHS = NO;
				CLANG_ANALYZER_NONNULL = YES;
				CLANG_ANALYZER_NUMBER_OBJECT_CONVERSION = YES_AGGRESSIVE;
				CLANG_CXX_LANGUAGE_STANDARD = "gnu++14";
				CLANG_CXX_LIBRARY = "libc++";
				CLANG_ENABLE_MODULES = YES;
				CLANG_ENABLE_OBJC_ARC = YES;
				CLANG_ENABLE_OBJC_WEAK = YES;
				CLANG_WARN_BLOCK_CAPTURE_AUTORELEASING = YES;
				CLANG_WARN_BOOL_CONVERSION = YES;
				CLANG_WARN_COMMA = YES;
				CLANG_WARN_CONSTANT_CONVERSION = YES;
				CLANG_WARN_DEPRECATED_OBJC_IMPLEMENTATIONS = YES;
				CLANG_WARN_DIRECT_OBJC_ISA_USAGE = YES_ERROR;
				CLANG_WARN_DOCUMENTATION_COMMENTS = YES;
				CLANG_WARN_EMPTY_BODY = YES;
				CLANG_WARN_ENUM_CONVERSION = YES;
				CLANG_WARN_INFINITE_RECURSION = YES;
				CLANG_WARN_INT_CONVERSION = YES;
				CLANG_WARN_NON_LITERAL_NULL_CONVERSION = YES;
				CLANG_WARN_OBJC_IMPLICIT_RETAIN_SELF = YES;
				CLANG_WARN_OBJC_LITERAL_CONVERSION = YES;
				CLANG_WARN_OBJC_ROOT_CLASS = YES_ERROR;
				CLANG_WARN_RANGE_LOOP_ANALYSIS = YES;
				CLANG_WARN_STRICT_PROTOTYPES = YES;
				CLANG_WARN_SUSPICIOUS_MOVE = YES;
				CLANG_WARN_UNGUARDED_AVAILABILITY = YES_AGGRESSIVE;
				CLANG_WARN_UNREACHABLE_CODE = YES;
				CLANG_WARN__DUPLICATE_METHOD_MATCH = YES;
				CODE_SIGN_IDENTITY = "iPhone Developer";
				COPY_PHASE_STRIP = NO;
				DEBUG_INFORMATION_FORMAT = dwarf;
				ENABLE_STRICT_OBJC_MSGSEND = YES;
				ENABLE_TESTABILITY = YES;
				GCC_C_LANGUAGE_STANDARD = gnu11;
				GCC_DYNAMIC_NO_PIC = NO;
				GCC_NO_COMMON_BLOCKS = YES;
				GCC_OPTIMIZATION_LEVEL = 0;
				GCC_PREPROCESSOR_DEFINITIONS = (
					"DEBUG=1",
					"$(inherited)",
				);
				GCC_WARN_64_TO_32_BIT_CONVERSION = YES;
				GCC_WARN_ABOUT_RETURN_TYPE = YES_ERROR;
				GCC_WARN_UNDECLARED_SELECTOR = YES;
				GCC_WARN_UNINITIALIZED_AUTOS = YES_AGGRESSIVE;
				GCC_WARN_UNUSED_FUNCTION = YES;
				GCC_WARN_UNUSED_VARIABLE = YES;
				IPHONEOS_DEPLOYMENT_TARGET = 12.2;
				MTL_ENABLE_DEBUG_INFO = INCLUDE_SOURCE;
				MTL_FAST_MATH = YES;
				ONLY_ACTIVE_ARCH = YES;
				SDKROOT = iphoneos;
				SWIFT_ACTIVE_COMPILATION_CONDITIONS = DEBUG;
				SWIFT_OPTIMIZATION_LEVEL = "-Onone";
			};
			name = Debug;
		};
		69B8F93C2258D03600640650 /* Release */ = {
			isa = XCBuildConfiguration;
			buildSettings = {
				ALWAYS_SEARCH_USER_PATHS = NO;
				CLANG_ANALYZER_NONNULL = YES;
				CLANG_ANALYZER_NUMBER_OBJECT_CONVERSION = YES_AGGRESSIVE;
				CLANG_CXX_LANGUAGE_STANDARD = "gnu++14";
				CLANG_CXX_LIBRARY = "libc++";
				CLANG_ENABLE_MODULES = YES;
				CLANG_ENABLE_OBJC_ARC = YES;
				CLANG_ENABLE_OBJC_WEAK = YES;
				CLANG_WARN_BLOCK_CAPTURE_AUTORELEASING = YES;
				CLANG_WARN_BOOL_CONVERSION = YES;
				CLANG_WARN_COMMA = YES;
				CLANG_WARN_CONSTANT_CONVERSION = YES;
				CLANG_WARN_DEPRECATED_OBJC_IMPLEMENTATIONS = YES;
				CLANG_WARN_DIRECT_OBJC_ISA_USAGE = YES_ERROR;
				CLANG_WARN_DOCUMENTATION_COMMENTS = YES;
				CLANG_WARN_EMPTY_BODY = YES;
				CLANG_WARN_ENUM_CONVERSION = YES;
				CLANG_WARN_INFINITE_RECURSION = YES;
				CLANG_WARN_INT_CONVERSION = YES;
				CLANG_WARN_NON_LITERAL_NULL_CONVERSION = YES;
				CLANG_WARN_OBJC_IMPLICIT_RETAIN_SELF = YES;
				CLANG_WARN_OBJC_LITERAL_CONVERSION = YES;
				CLANG_WARN_OBJC_ROOT_CLASS = YES_ERROR;
				CLANG_WARN_RANGE_LOOP_ANALYSIS = YES;
				CLANG_WARN_STRICT_PROTOTYPES = YES;
				CLANG_WARN_SUSPICIOUS_MOVE = YES;
				CLANG_WARN_UNGUARDED_AVAILABILITY = YES_AGGRESSIVE;
				CLANG_WARN_UNREACHABLE_CODE = YES;
				CLANG_WARN__DUPLICATE_METHOD_MATCH = YES;
				CODE_SIGN_IDENTITY = "iPhone Developer";
				COPY_PHASE_STRIP = NO;
				DEBUG_INFORMATION_FORMAT = "dwarf-with-dsym";
				ENABLE_NS_ASSERTIONS = NO;
				ENABLE_STRICT_OBJC_MSGSEND = YES;
				GCC_C_LANGUAGE_STANDARD = gnu11;
				GCC_NO_COMMON_BLOCKS = YES;
				GCC_WARN_64_TO_32_BIT_CONVERSION = YES;
				GCC_WARN_ABOUT_RETURN_TYPE = YES_ERROR;
				GCC_WARN_UNDECLARED_SELECTOR = YES;
				GCC_WARN_UNINITIALIZED_AUTOS = YES_AGGRESSIVE;
				GCC_WARN_UNUSED_FUNCTION = YES;
				GCC_WARN_UNUSED_VARIABLE = YES;
				IPHONEOS_DEPLOYMENT_TARGET = 12.2;
				MTL_ENABLE_DEBUG_INFO = NO;
				MTL_FAST_MATH = YES;
				SDKROOT = iphoneos;
				SWIFT_COMPILATION_MODE = wholemodule;
				SWIFT_OPTIMIZATION_LEVEL = "-O";
				VALIDATE_PRODUCT = YES;
			};
			name = Release;
		};
		69B8F93E2258D03600640650 /* Debug */ = {
			isa = XCBuildConfiguration;
			buildSettings = {
				ASSETCATALOG_COMPILER_APPICON_NAME = AppIcon;
				CODE_SIGN_STYLE = Automatic;
				DEVELOPMENT_TEAM = 8J39KF9DMS;
				INFOPLIST_FILE = "Universal Reference/Info.plist";
				IPHONEOS_DEPLOYMENT_TARGET = 12.0;
				LD_RUNPATH_SEARCH_PATHS = (
					"$(inherited)",
					"@executable_path/Frameworks",
				);
				PRODUCT_BUNDLE_IDENTIFIER = "ru.learnSwift.Universal-Reference";
				PRODUCT_NAME = "$(TARGET_NAME)";
				SWIFT_VERSION = 5.0;
				TARGETED_DEVICE_FAMILY = "1,2";
			};
			name = Debug;
		};
		69B8F93F2258D03600640650 /* Release */ = {
			isa = XCBuildConfiguration;
			buildSettings = {
				ASSETCATALOG_COMPILER_APPICON_NAME = AppIcon;
				CODE_SIGN_STYLE = Automatic;
				DEVELOPMENT_TEAM = 8J39KF9DMS;
				INFOPLIST_FILE = "Universal Reference/Info.plist";
				IPHONEOS_DEPLOYMENT_TARGET = 12.0;
				LD_RUNPATH_SEARCH_PATHS = (
					"$(inherited)",
					"@executable_path/Frameworks",
				);
				PRODUCT_BUNDLE_IDENTIFIER = "ru.learnSwift.Universal-Reference";
				PRODUCT_NAME = "$(TARGET_NAME)";
				SWIFT_VERSION = 5.0;
				TARGETED_DEVICE_FAMILY = "1,2";
			};
			name = Release;
		};
/* End XCBuildConfiguration section */

/* Begin XCConfigurationList section */
		69B8F9262258D03200640650 /* Build configuration list for PBXProject "Universal Reference" */ = {
			isa = XCConfigurationList;
			buildConfigurations = (
				69B8F93B2258D03600640650 /* Debug */,
				69B8F93C2258D03600640650 /* Release */,
			);
			defaultConfigurationIsVisible = 0;
			defaultConfigurationName = Release;
		};
		69B8F93D2258D03600640650 /* Build configuration list for PBXNativeTarget "Universal Reference" */ = {
			isa = XCConfigurationList;
			buildConfigurations = (
				69B8F93E2258D03600640650 /* Debug */,
				69B8F93F2258D03600640650 /* Release */,
			);
			defaultConfigurationIsVisible = 0;
			defaultConfigurationName = Release;
		};
/* End XCConfigurationList section */
	};
	rootObject = 69B8F9232258D03200640650 /* Project object */;
}
